
Microsoft Visual Studio Solution File, Format Version 12.00
# Visual Studio Version 16
VisualStudioVersion = 16.0.29209.62
MinimumVisualStudioVersion = 10.0.40219.1
Project("{FAE04EC0-301F-11D3-BF4B-00C04F79EFBC}") = "SearchDropDown", "SearchDropDown\SearchDropDown.csproj", "{4DCE5A51-0146-4AE3-AE38-BF406145F616}"
EndProject
Global
	GlobalSection(SolutionConfigurationPlatforms) = preSolution
		Debug|Any CPU = Debug|Any CPU
		Release|Any CPU = Release|Any CPU
	EndGlobalSection
	GlobalSection(ProjectConfigurationPlatforms) = postSolution
		{4DCE5A51-0146-4AE3-AE38-BF406145F616}.Debug|Any CPU.ActiveCfg = Debug|Any CPU
		{4DCE5A51-0146-4AE3-AE38-BF406145F616}.Debug|Any CPU.Build.0 = Debug|Any CPU
		{4DCE5A51-0146-4AE3-AE38-BF406145F616}.Release|Any CPU.ActiveCfg = Release|Any CPU
		{4DCE5A51-0146-4AE3-AE38-BF406145F616}.Release|Any CPU.Build.0 = Release|Any CPU
	EndGlobalSection
	GlobalSection(SolutionProperties) = preSolution
		HideSolutionNode = FALSE
	EndGlobalSection
	GlobalSection(ExtensibilityGlobals) = postSolution
		SolutionGuid = {FE97A04B-F693-480B-AC5B-90CACC85174C}
	EndGlobalSection
EndGlobal
